
Microsoft Visual Studio Solution File, Format Version 12.00
# Visual Studio Version 17
VisualStudioVersion = 17.14.37027.9 d17.14
MinimumVisualStudioVersion = 10.0.40219.1
# Visual Studio Version 17
VisualStudioVersion = 17.14.37411.7
MinimumVisualStudioVersion = 10.0.40219.1
Project("{FAE04EC0-301F-11D3-BF4B-00C04F79EFBC}") = "TextHandler", "TextHandler\TextHandler.csproj", "{99BBC9BB-1465-4F25-AF8B-56A50579EE01}"
EndProject
Project("{FAE04EC0-301F-11D3-BF4B-00C04F79EFBC}") = "TextHandler.Core", "TextHandler.Core\TextHandler.Core.csproj", "{5C489487-F5CF-41AC-BC7E-AF005082F99F}"
EndProject
Project("{FAE04EC0-301F-11D3-BF4B-00C04F79EFBC}") = "TextHandler.Plugins.TestPlugin", "TextHandler.Plugins.TestPlugin\TextHandler.Plugins.TestPlugin.csproj", "{8C1029F2-74DF-4AEC-97D1-B6CA01DB5A54}"
EndProject
Project("{FAE04EC0-301F-11D3-BF4B-00C04F79EFBC}") = "TextHandler.Plugins.WordCountPlugin", "TextHandler.Plugins.WordCountPlugin\TextHandler.Plugins.WordCountPlugin.csproj", "{491A735A-9AA5-492B-A54F-27D03D362B48}"
EndProject
Project("{FAE04EC0-301F-11D3-BF4B-00C04F79EFBC}") = "TextHandler.Plugins.LongestWord", "TextHandler.Plugins.LongestWord\TextHandler.Plugins.LongestWord.csproj", "{511CBB39-FEB6-4CB7-87DC-806EEE3847D7}"
EndProject
Project("{FAE04EC0-301F-11D3-BF4B-00C04F79EFBC}") = "TextHandler.Plugins.CharCountPlugin", "TextHandler.Plugins.CharCountPlugin\TextHandler.Plugins.CharCountPlugin.csproj", "{F2658054-BCE6-448E-BFC2-EDC2C0ADB1F0}"
EndProject
Project("{FAE04EC0-301F-11D3-BF4B-00C04F79EFBC}") = "TextHandler.Plugins.MostUsedWordsPlugin", "TextHandler.Plugins.MostUsedWordsPlugin\TextHandler.Plugins.MostUsedWordsPlugin.csproj", "{3891025B-ED10-4EFD-A9E7-DD739C826277}"
EndProject
Project("{FAE04EC0-301F-11D3-BF4B-00C04F79EFBC}") = "TextHandler.Plugins.AverageWordLengthPlugin", "TextHandler.Plugins.AverageWordLengthPlugin\TextHandler.Plugins.AverageWordLengthPlugin.csproj", "{C4AAA7FB-467F-45D8-97E9-E265C2FE323F}"
EndProject
Project("{FAE04EC0-301F-11D3-BF4B-00C04F79EFBC}") = "TextHandler.Plugins.ShortestWordPlugin", "TextHandler.Plugins.ShortestWordPlugin\TextHandler.Plugins.ShortestWordPlugin.csproj", "{536C2051-6B98-4BCC-8D18-ACC844ED2E38}"
EndProject
Project("{FAE04EC0-301F-11D3-BF4B-00C04F79EFBC}") = "TextHandler.Plugins.UpperCasePlugin", "TextHandler.Plugins.UpperCasePlugin\TextHandler.Plugins.UpperCasePlugin.csproj", "{A1B2C3D4-E5F6-47A8-B9C0-D1E2F3A4B5C6}"
EndProject
Project("{FAE04EC0-301F-11D3-BF4B-00C04F79EFBC}") = "TextHandler.Plugins.LowerCasePlugin", "TextHandler.Plugins.LowerCasePlugin\TextHandler.Plugins.LowerCasePlugin.csproj", "{B2C3D4E5-F6A7-48B9-C0D1-E2F3A4B5C6D7}"
EndProject
Global
	GlobalSection(SolutionConfigurationPlatforms) = preSolution
		Debug|Any CPU = Debug|Any CPU
		Release|Any CPU = Release|Any CPU
	EndGlobalSection
	GlobalSection(ProjectConfigurationPlatforms) = postSolution
		{99BBC9BB-1465-4F25-AF8B-56A50579EE01}.Debug|Any CPU.ActiveCfg = Debug|Any CPU
		{99BBC9BB-1465-4F25-AF8B-56A50579EE01}.Debug|Any CPU.Build.0 = Debug|Any CPU
		{99BBC9BB-1465-4F25-AF8B-56A50579EE01}.Release|Any CPU.ActiveCfg = Release|Any CPU
		{99BBC9BB-1465-4F25-AF8B-56A50579EE01}.Release|Any CPU.Build.0 = Release|Any CPU
		{5C489487-F5CF-41AC-BC7E-AF005082F99F}.Debug|Any CPU.ActiveCfg = Debug|Any CPU
		{5C489487-F5CF-41AC-BC7E-AF005082F99F}.Debug|Any CPU.Build.0 = Debug|Any CPU
		{5C489487-F5CF-41AC-BC7E-AF005082F99F}.Release|Any CPU.ActiveCfg = Release|Any CPU
		{5C489487-F5CF-41AC-BC7E-AF005082F99F}.Release|Any CPU.Build.0 = Release|Any CPU
		{8C1029F2-74DF-4AEC-97D1-B6CA01DB5A54}.Debug|Any CPU.ActiveCfg = Debug|Any CPU
		{8C1029F2-74DF-4AEC-97D1-B6CA01DB5A54}.Debug|Any CPU.Build.0 = Debug|Any CPU
		{8C1029F2-74DF-4AEC-97D1-B6CA01DB5A54}.Release|Any CPU.ActiveCfg = Release|Any CPU
		{8C1029F2-74DF-4AEC-97D1-B6CA01DB5A54}.Release|Any CPU.Build.0 = Release|Any CPU
		{491A735A-9AA5-492B-A54F-27D03D362B48}.Debug|Any CPU.ActiveCfg = Debug|Any CPU
		{491A735A-9AA5-492B-A54F-27D03D362B48}.Debug|Any CPU.Build.0 = Debug|Any CPU
		{491A735A-9AA5-492B-A54F-27D03D362B48}.Release|Any CPU.ActiveCfg = Release|Any CPU
		{491A735A-9AA5-492B-A54F-27D03D362B48}.Release|Any CPU.Build.0 = Release|Any CPU
		{511CBB39-FEB6-4CB7-87DC-806EEE3847D7}.Debug|Any CPU.ActiveCfg = Debug|Any CPU
		{511CBB39-FEB6-4CB7-87DC-806EEE3847D7}.Debug|Any CPU.Build.0 = Debug|Any CPU
		{511CBB39-FEB6-4CB7-87DC-806EEE3847D7}.Release|Any CPU.ActiveCfg = Release|Any CPU
		{511CBB39-FEB6-4CB7-87DC-806EEE3847D7}.Release|Any CPU.Build.0 = Release|Any CPU
		{F2658054-BCE6-448E-BFC2-EDC2C0ADB1F0}.Debug|Any CPU.ActiveCfg = Debug|Any CPU
		{F2658054-BCE6-448E-BFC2-EDC2C0ADB1F0}.Debug|Any CPU.Build.0 = Debug|Any CPU
		{F2658054-BCE6-448E-BFC2-EDC2C0ADB1F0}.Release|Any CPU.ActiveCfg = Release|Any CPU
		{F2658054-BCE6-448E-BFC2-EDC2C0ADB1F0}.Release|Any CPU.Build.0 = Release|Any CPU
		{3891025B-ED10-4EFD-A9E7-DD739C826277}.Debug|Any CPU.ActiveCfg = Debug|Any CPU
		{3891025B-ED10-4EFD-A9E7-DD739C826277}.Debug|Any CPU.Build.0 = Debug|Any CPU
		{3891025B-ED10-4EFD-A9E7-DD739C826277}.Release|Any CPU.ActiveCfg = Release|Any CPU
		{3891025B-ED10-4EFD-A9E7-DD739C826277}.Release|Any CPU.Build.0 = Release|Any CPU
		{A1B2C3D4-E5F6-47A8-B9C0-D1E2F3A4B5C6}.Debug|Any CPU.ActiveCfg = Debug|Any CPU
		{A1B2C3D4-E5F6-47A8-B9C0-D1E2F3A4B5C6}.Debug|Any CPU.Build.0 = Debug|Any CPU
		{A1B2C3D4-E5F6-47A8-B9C0-D1E2F3A4B5C6}.Release|Any CPU.ActiveCfg = Release|Any CPU
		{A1B2C3D4-E5F6-47A8-B9C0-D1E2F3A4B5C6}.Release|Any CPU.Build.0 = Release|Any CPU
		{B2C3D4E5-F6A7-48B9-C0D1-E2F3A4B5C6D7}.Debug|Any CPU.ActiveCfg = Debug|Any CPU
		{B2C3D4E5-F6A7-48B9-C0D1-E2F3A4B5C6D7}.Debug|Any CPU.Build.0 = Debug|Any CPU
		{B2C3D4E5-F6A7-48B9-C0D1-E2F3A4B5C6D7}.Release|Any CPU.ActiveCfg = Release|Any CPU
		{B2C3D4E5-F6A7-48B9-C0D1-E2F3A4B5C6D7}.Release|Any CPU.Build.0 = Release|Any CPU
	EndGlobalSection
	GlobalSection(SolutionProperties) = preSolution
		HideSolutionNode = FALSE
		{C4AAA7FB-467F-45D8-97E9-E265C2FE323F}.Debug|Any CPU.ActiveCfg = Debug|Any CPU
		{C4AAA7FB-467F-45D8-97E9-E265C2FE323F}.Debug|Any CPU.Build.0 = Debug|Any CPU
		{C4AAA7FB-467F-45D8-97E9-E265C2FE323F}.Release|Any CPU.ActiveCfg = Release|Any CPU
		{C4AAA7FB-467F-45D8-97E9-E265C2FE323F}.Release|Any CPU.Build.0 = Release|Any CPU
		{536C2051-6B98-4BCC-8D18-ACC844ED2E38}.Debug|Any CPU.ActiveCfg = Debug|Any CPU
		{536C2051-6B98-4BCC-8D18-ACC844ED2E38}.Debug|Any CPU.Build.0 = Debug|Any CPU
		{536C2051-6B98-4BCC-8D18-ACC844ED2E38}.Release|Any CPU.ActiveCfg = Release|Any CPU
		{536C2051-6B98-4BCC-8D18-ACC844ED2E38}.Release|Any CPU.Build.0 = Release|Any CPU
	EndGlobalSection
	GlobalSection(SolutionProperties) = preSolution
		HideSolutionNode = FALSE
	EndGlobalSection
	GlobalSection(ExtensibilityGlobals) = postSolution
		SolutionGuid = {B53EC176-D4D1-4C67-AA97-EE5CA60FDDA0}
	EndGlobalSection
EndGlobal
